
Microsoft Visual Studio Solution File, Format Version 12.00
# Visual Studio Version 17
VisualStudioVersion = 17.5.33627.172
MinimumVisualStudioVersion = 10.0.40219.1
Project("{9A19103F-16F7-4668-BE54-9A1E7A4F7556}") = "BouncyCastleCase", "BouncyCastleCase.csproj", "{0AD0FB63-F6BE-46E2-B9A3-0EE8FF85629F}"
EndProject
Global
	GlobalSection(SolutionConfigurationPlatforms) = preSolution
		Debug|Any CPU = Debug|Any CPU
		Release|Any CPU = Release|Any CPU
	EndGlobalSection
	GlobalSection(ProjectConfigurationPlatforms) = postSolution
		{0AD0FB63-F6BE-46E2-B9A3-0EE8FF85629F}.Debug|Any CPU.ActiveCfg = Debug|Any CPU
		{0AD0FB63-F6BE-46E2-B9A3-0EE8FF85629F}.Debug|Any CPU.Build.0 = Debug|Any CPU
		{0AD0FB63-F6BE-46E2-B9A3-0EE8FF85629F}.Release|Any CPU.ActiveCfg = Release|Any CPU
		{0AD0FB63-F6BE-46E2-B9A3-0EE8FF85629F}.Release|Any CPU.Build.0 = Release|Any CPU
	EndGlobalSection
	GlobalSection(SolutionProperties) = preSolution
		HideSolutionNode = FALSE
	EndGlobalSection
	GlobalSection(ExtensibilityGlobals) = postSolution
		SolutionGuid = {8A3DD50E-E97C-472C-BA84-48D0DE679C9A}
	EndGlobalSection
EndGlobal
